
Microsoft Visual Studio Solution File, Format Version 12.00
# Visual Studio 2012
Project("{FAE04EC0-301F-11D3-BF4B-00C04F79EFBC}") = "websayfasi", "websayfasi\websayfasi.csproj", "{7C01C6D2-B259-4916-B5A2-7695D4176013}"
EndProject
Global
	GlobalSection(SolutionConfigurationPlatforms) = preSolution
		Debug|Any CPU = Debug|Any CPU
		Release|Any CPU = Release|Any CPU
	EndGlobalSection
	GlobalSection(ProjectConfigurationPlatforms) = postSolution
		{7C01C6D2-B259-4916-B5A2-7695D4176013}.Debug|Any CPU.ActiveCfg = Debug|Any CPU
		{7C01C6D2-B259-4916-B5A2-7695D4176013}.Debug|Any CPU.Build.0 = Debug|Any CPU
		{7C01C6D2-B259-4916-B5A2-7695D4176013}.Release|Any CPU.ActiveCfg = Release|Any CPU
		{7C01C6D2-B259-4916-B5A2-7695D4176013}.Release|Any CPU.Build.0 = Release|Any CPU
	EndGlobalSection
	GlobalSection(SolutionProperties) = preSolution
		HideSolutionNode = FALSE
	EndGlobalSection
EndGlobal
